
Microsoft Visual Studio Solution File, Format Version 12.00
# Visual Studio Version 17
VisualStudioVersion = 17.4.33110.190
MinimumVisualStudioVersion = 10.0.40219.1
Project("{9A19103F-16F7-4668-BE54-9A1E7A4F7556}") = "BlazorEcommerce.Server", "BlazorEcommerce\Server\BlazorEcommerce.Server.csproj", "{C8987FF4-D4DA-49A2-8EE9-EE877023E686}"
EndProject
Project("{9A19103F-16F7-4668-BE54-9A1E7A4F7556}") = "BlazorEcommerce.Client", "BlazorEcommerce\Client\BlazorEcommerce.Client.csproj", "{8F4EB367-B793-48E2-9377-93E7A74893E4}"
EndProject
Project("{9A19103F-16F7-4668-BE54-9A1E7A4F7556}") = "BlazorEcommerce.Shared", "BlazorEcommerce\Shared\BlazorEcommerce.Shared.csproj", "{FFAFEF01-885E-4E1D-A309-9E3CA2A37946}"
EndProject
Global
	GlobalSection(SolutionConfigurationPlatforms) = preSolution
		Debug|Any CPU = Debug|Any CPU
		Release|Any CPU = Release|Any CPU
	EndGlobalSection
	GlobalSection(ProjectConfigurationPlatforms) = postSolution
		{C8987FF4-D4DA-49A2-8EE9-EE877023E686}.Debug|Any CPU.ActiveCfg = Debug|Any CPU
		{C8987FF4-D4DA-49A2-8EE9-EE877023E686}.Debug|Any CPU.Build.0 = Debug|Any CPU
		{C8987FF4-D4DA-49A2-8EE9-EE877023E686}.Release|Any CPU.ActiveCfg = Release|Any CPU
		{C8987FF4-D4DA-49A2-8EE9-EE877023E686}.Release|Any CPU.Build.0 = Release|Any CPU
		{8F4EB367-B793-48E2-9377-93E7A74893E4}.Debug|Any CPU.ActiveCfg = Debug|Any CPU
		{8F4EB367-B793-48E2-9377-93E7A74893E4}.Debug|Any CPU.Build.0 = Debug|Any CPU
		{8F4EB367-B793-48E2-9377-93E7A74893E4}.Release|Any CPU.ActiveCfg = Release|Any CPU
		{8F4EB367-B793-48E2-9377-93E7A74893E4}.Release|Any CPU.Build.0 = Release|Any CPU
		{FFAFEF01-885E-4E1D-A309-9E3CA2A37946}.Debug|Any CPU.ActiveCfg = Debug|Any CPU
		{FFAFEF01-885E-4E1D-A309-9E3CA2A37946}.Debug|Any CPU.Build.0 = Debug|Any CPU
		{FFAFEF01-885E-4E1D-A309-9E3CA2A37946}.Release|Any CPU.ActiveCfg = Release|Any CPU
		{FFAFEF01-885E-4E1D-A309-9E3CA2A37946}.Release|Any CPU.Build.0 = Release|Any CPU
	EndGlobalSection
	GlobalSection(SolutionProperties) = preSolution
		HideSolutionNode = FALSE
	EndGlobalSection
	GlobalSection(ExtensibilityGlobals) = postSolution
		SolutionGuid = {D58767A2-4CCF-4280-BC46-B738AC61BBEF}
	EndGlobalSection
EndGlobal
